{
  "object": {
    "pins": [
      {
        "package": "BowlingKit",
        "repositoryURL": "git@github.com:xiangyu-sun/BowlingKit.git",
        "state": {
          "branch": null,
          "revision": "bbc68be182fa1fb909cb992339fd595de39586c4",
          "version": "1.1.1"
        }
      }
    ]
  },
  "version": 1
}
